
Microsoft Visual Studio Solution File, Format Version 12.00
# Visual Studio 15
VisualStudioVersion = 15.0.28307.1401
MinimumVisualStudioVersion = 10.0.40219.1
Project("{FAE04EC0-301F-11D3-BF4B-00C04F79EFBC}") = "PL", "PL\PL.csproj", "{BE918F26-848E-465C-8679-197C8B72FE78}"
EndProject
Project("{FAE04EC0-301F-11D3-BF4B-00C04F79EFBC}") = "Tests.PL", "Tests.PL\Tests.PL.csproj", "{2AC1066D-87E3-4455-A3B7-C050EE36997A}"
EndProject
Global
	GlobalSection(SolutionConfigurationPlatforms) = preSolution
		Debug|Any CPU = Debug|Any CPU
		Release|Any CPU = Release|Any CPU
	EndGlobalSection
	GlobalSection(ProjectConfigurationPlatforms) = postSolution
		{BE918F26-848E-465C-8679-197C8B72FE78}.Debug|Any CPU.ActiveCfg = Debug|Any CPU
		{BE918F26-848E-465C-8679-197C8B72FE78}.Debug|Any CPU.Build.0 = Debug|Any CPU
		{BE918F26-848E-465C-8679-197C8B72FE78}.Release|Any CPU.ActiveCfg = Release|Any CPU
		{BE918F26-848E-465C-8679-197C8B72FE78}.Release|Any CPU.Build.0 = Release|Any CPU
		{2AC1066D-87E3-4455-A3B7-C050EE36997A}.Debug|Any CPU.ActiveCfg = Debug|Any CPU
		{2AC1066D-87E3-4455-A3B7-C050EE36997A}.Debug|Any CPU.Build.0 = Debug|Any CPU
		{2AC1066D-87E3-4455-A3B7-C050EE36997A}.Release|Any CPU.ActiveCfg = Release|Any CPU
		{2AC1066D-87E3-4455-A3B7-C050EE36997A}.Release|Any CPU.Build.0 = Release|Any CPU
	EndGlobalSection
	GlobalSection(SolutionProperties) = preSolution
		HideSolutionNode = FALSE
	EndGlobalSection
	GlobalSection(ExtensibilityGlobals) = postSolution
		SolutionGuid = {E2CA00B1-1588-497E-981E-683CA5A10961}
	EndGlobalSection
EndGlobal
